
Microsoft Visual Studio Solution File, Format Version 12.00
# Visual Studio Version 16
VisualStudioVersion = 16.0.30523.141
MinimumVisualStudioVersion = 10.0.40219.1
Project("{FAE04EC0-301F-11D3-BF4B-00C04F79EFBC}") = "Domain", "Domain\Domain.csproj", "{DEE99C59-5F08-4015-8C57-9158C06E82A2}"
EndProject
Project("{FAE04EC0-301F-11D3-BF4B-00C04F79EFBC}") = "DataAccess", "DataAccess\DataAccess.csproj", "{FFD70FCE-7350-4311-82E8-743BA56C951C}"
EndProject
Project("{FAE04EC0-301F-11D3-BF4B-00C04F79EFBC}") = "Services", "Services\Services.csproj", "{ED816F51-A07F-4C6C-8277-9796106FFED1}"
EndProject
Project("{FAE04EC0-301F-11D3-BF4B-00C04F79EFBC}") = "Api", "Api\Api.csproj", "{33482BA3-45E2-423A-BECE-6DB684312C4B}"
EndProject
Project("{FAE04EC0-301F-11D3-BF4B-00C04F79EFBC}") = "Api.Tests", "Api.Tests\Api.Tests.csproj", "{5373F62D-0D75-4523-9BA5-CBFDC140AB8A}"
EndProject
Global
	GlobalSection(SolutionConfigurationPlatforms) = preSolution
		Debug|Any CPU = Debug|Any CPU
		Release|Any CPU = Release|Any CPU
	EndGlobalSection
	GlobalSection(ProjectConfigurationPlatforms) = postSolution
		{DEE99C59-5F08-4015-8C57-9158C06E82A2}.Debug|Any CPU.ActiveCfg = Debug|Any CPU
		{DEE99C59-5F08-4015-8C57-9158C06E82A2}.Debug|Any CPU.Build.0 = Debug|Any CPU
		{DEE99C59-5F08-4015-8C57-9158C06E82A2}.Release|Any CPU.ActiveCfg = Release|Any CPU
		{DEE99C59-5F08-4015-8C57-9158C06E82A2}.Release|Any CPU.Build.0 = Release|Any CPU
		{FFD70FCE-7350-4311-82E8-743BA56C951C}.Debug|Any CPU.ActiveCfg = Debug|Any CPU
		{FFD70FCE-7350-4311-82E8-743BA56C951C}.Debug|Any CPU.Build.0 = Debug|Any CPU
		{FFD70FCE-7350-4311-82E8-743BA56C951C}.Release|Any CPU.ActiveCfg = Release|Any CPU
		{FFD70FCE-7350-4311-82E8-743BA56C951C}.Release|Any CPU.Build.0 = Release|Any CPU
		{ED816F51-A07F-4C6C-8277-9796106FFED1}.Debug|Any CPU.ActiveCfg = Debug|Any CPU
		{ED816F51-A07F-4C6C-8277-9796106FFED1}.Debug|Any CPU.Build.0 = Debug|Any CPU
		{ED816F51-A07F-4C6C-8277-9796106FFED1}.Release|Any CPU.ActiveCfg = Release|Any CPU
		{ED816F51-A07F-4C6C-8277-9796106FFED1}.Release|Any CPU.Build.0 = Release|Any CPU
		{33482BA3-45E2-423A-BECE-6DB684312C4B}.Debug|Any CPU.ActiveCfg = Debug|Any CPU
		{33482BA3-45E2-423A-BECE-6DB684312C4B}.Debug|Any CPU.Build.0 = Debug|Any CPU
		{33482BA3-45E2-423A-BECE-6DB684312C4B}.Release|Any CPU.ActiveCfg = Release|Any CPU
		{33482BA3-45E2-423A-BECE-6DB684312C4B}.Release|Any CPU.Build.0 = Release|Any CPU
		{5373F62D-0D75-4523-9BA5-CBFDC140AB8A}.Debug|Any CPU.ActiveCfg = Debug|Any CPU
		{5373F62D-0D75-4523-9BA5-CBFDC140AB8A}.Debug|Any CPU.Build.0 = Debug|Any CPU
		{5373F62D-0D75-4523-9BA5-CBFDC140AB8A}.Release|Any CPU.ActiveCfg = Release|Any CPU
		{5373F62D-0D75-4523-9BA5-CBFDC140AB8A}.Release|Any CPU.Build.0 = Release|Any CPU
	EndGlobalSection
	GlobalSection(SolutionProperties) = preSolution
		HideSolutionNode = FALSE
	EndGlobalSection
	GlobalSection(ExtensibilityGlobals) = postSolution
		SolutionGuid = {BE54E83F-F7EF-40DE-9A33-4660DB626B6E}
	EndGlobalSection
EndGlobal
